
Microsoft Visual Studio Solution File, Format Version 12.00
# Visual Studio Version 17
VisualStudioVersion = 17.13.35825.156 d17.13
MinimumVisualStudioVersion = 10.0.40219.1
Project("{FAE04EC0-301F-11D3-BF4B-00C04F79EFBC}") = "PBO PRAK", "PBO PRAK\PBO PRAK.csproj", "{8BB6B115-DD46-44D5-A7C1-E94DA5ADABC2}"
EndProject
Global
	GlobalSection(SolutionConfigurationPlatforms) = preSolution
		Debug|Any CPU = Debug|Any CPU
		Release|Any CPU = Release|Any CPU
	EndGlobalSection
	GlobalSection(ProjectConfigurationPlatforms) = postSolution
		{8BB6B115-DD46-44D5-A7C1-E94DA5ADABC2}.Debug|Any CPU.ActiveCfg = Debug|Any CPU
		{8BB6B115-DD46-44D5-A7C1-E94DA5ADABC2}.Debug|Any CPU.Build.0 = Debug|Any CPU
		{8BB6B115-DD46-44D5-A7C1-E94DA5ADABC2}.Release|Any CPU.ActiveCfg = Release|Any CPU
		{8BB6B115-DD46-44D5-A7C1-E94DA5ADABC2}.Release|Any CPU.Build.0 = Release|Any CPU
	EndGlobalSection
	GlobalSection(SolutionProperties) = preSolution
		HideSolutionNode = FALSE
	EndGlobalSection
	GlobalSection(ExtensibilityGlobals) = postSolution
		SolutionGuid = {D2A6BAE7-320C-4910-AF93-048DB3F8CD14}
	EndGlobalSection
EndGlobal
